
Microsoft Visual Studio Solution File, Format Version 12.00
# Visual Studio 14
VisualStudioVersion = 14.0.23107.0
MinimumVisualStudioVersion = 10.0.40219.1
Project("{FAE04EC0-301F-11D3-BF4B-00C04F79EFBC}") = "netify.trainingdiary", "netify.trainingdiary\netify.trainingdiary.csproj", "{603A8CC9-664B-4DE6-9BFA-FD4C91E48524}"
EndProject
Project("{FAE04EC0-301F-11D3-BF4B-00C04F79EFBC}") = "netify.trainingdiary.Tests", "netify.trainingdiary.Tests\netify.trainingdiary.Tests.csproj", "{BD1138A8-CEA1-4287-9C3C-FCDCD03B994E}"
EndProject
Project("{2150E333-8FDC-42A3-9474-1A3956D46DE8}") = "PublishScripts", "PublishScripts", "{A7757F71-B966-4645-961D-5DE26D4B5C79}"
EndProject
Project("{2150E333-8FDC-42A3-9474-1A3956D46DE8}") = "Scripts", "Scripts", "{4BE9728C-8AA9-4D4F-B266-6E04336701EE}"
	ProjectSection(SolutionItems) = preProject
		PublishScripts\Scripts\Deploy-AzureResourceGroup.ps1 = PublishScripts\Scripts\Deploy-AzureResourceGroup.ps1
	EndProjectSection
EndProject
Project("{2150E333-8FDC-42A3-9474-1A3956D46DE8}") = "Templates", "Templates", "{2FD103CE-7B90-4F5D-A200-1AF61C81BD46}"
	ProjectSection(SolutionItems) = preProject
		PublishScripts\Templates\netifytrainingdiary.json = PublishScripts\Templates\netifytrainingdiary.json
		PublishScripts\Templates\netifytrainingdiary.param.dev.json = PublishScripts\Templates\netifytrainingdiary.param.dev.json
	EndProjectSection
EndProject
Global
	GlobalSection(SolutionConfigurationPlatforms) = preSolution
		Debug|Any CPU = Debug|Any CPU
		Release|Any CPU = Release|Any CPU
	EndGlobalSection
	GlobalSection(ProjectConfigurationPlatforms) = postSolution
		{603A8CC9-664B-4DE6-9BFA-FD4C91E48524}.Debug|Any CPU.ActiveCfg = Debug|Any CPU
		{603A8CC9-664B-4DE6-9BFA-FD4C91E48524}.Debug|Any CPU.Build.0 = Debug|Any CPU
		{603A8CC9-664B-4DE6-9BFA-FD4C91E48524}.Release|Any CPU.ActiveCfg = Release|Any CPU
		{603A8CC9-664B-4DE6-9BFA-FD4C91E48524}.Release|Any CPU.Build.0 = Release|Any CPU
		{BD1138A8-CEA1-4287-9C3C-FCDCD03B994E}.Debug|Any CPU.ActiveCfg = Debug|Any CPU
		{BD1138A8-CEA1-4287-9C3C-FCDCD03B994E}.Debug|Any CPU.Build.0 = Debug|Any CPU
		{BD1138A8-CEA1-4287-9C3C-FCDCD03B994E}.Release|Any CPU.ActiveCfg = Release|Any CPU
		{BD1138A8-CEA1-4287-9C3C-FCDCD03B994E}.Release|Any CPU.Build.0 = Release|Any CPU
	EndGlobalSection
	GlobalSection(SolutionProperties) = preSolution
		HideSolutionNode = FALSE
	EndGlobalSection
	GlobalSection(NestedProjects) = preSolution
		{4BE9728C-8AA9-4D4F-B266-6E04336701EE} = {A7757F71-B966-4645-961D-5DE26D4B5C79}
		{2FD103CE-7B90-4F5D-A200-1AF61C81BD46} = {A7757F71-B966-4645-961D-5DE26D4B5C79}
	EndGlobalSection
EndGlobal
